{
  "nodes": {
    "agenix": {
      "inputs": {
        "darwin": "darwin",
        "home-manager": "home-manager",
        "nixpkgs": [
          "sensible-nix",
          "nixpkgs"
        ],
        "systems": [
          "sensible-nix",
          "systems"
        ]
      },
      "locked": {
        "lastModified": 1723293904,
        "narHash": "sha256-b+uqzj+Wa6xgMS9aNbX4I+sXeb5biPDi39VgvSFqFvU=",
        "owner": "ryantm",
        "repo": "agenix",
        "rev": "f6291c5935fdc4e0bef208cfc0dcab7e3f7a1c41",
        "type": "github"
      },
      "original": {
        "owner": "ryantm",
        "repo": "agenix",
        "type": "github"
      }
    },
    "darwin": {
      "inputs": {
        "nixpkgs": [
          "sensible-nix",
          "agenix",
          "nixpkgs"
        ]
      },
      "locked": {
        "lastModified": 1700795494,
        "narHash": "sha256-gzGLZSiOhf155FW7262kdHo2YDeugp3VuIFb4/GGng0=",
        "owner": "lnl7",
        "repo": "nix-darwin",
        "rev": "4b9b83d5a92e8c1fbfd8eb27eda375908c11ec4d",
        "type": "github"
      },
      "original": {
        "owner": "lnl7",
        "ref": "master",
        "repo": "nix-darwin",
        "type": "github"
      }
    },
    "disko": {
      "inputs": {
        "nixpkgs": [
          "sensible-nix",
          "nixpkgs"
        ]
      },
      "locked": {
        "lastModified": 1726153585,
        "narHash": "sha256-ShZ3YeEutJk+QoY/VrpujzZgocmyXYqhOC8I8pudO9U=",
        "owner": "nix-community",
        "repo": "disko",
        "rev": "59fb64b36b0a1961f6d4c6d5b8db45cc35d040f2",
        "type": "github"
      },
      "original": {
        "owner": "nix-community",
        "repo": "disko",
        "type": "github"
      }
    },
    "flake-compat": {
      "flake": false,
      "locked": {
        "lastModified": 1696426674,
        "narHash": "sha256-kvjfFW7WAETZlt09AgDn1MrtKzP7t90Vf7vypd3OL1U=",
        "owner": "edolstra",
        "repo": "flake-compat",
        "rev": "0f9255e01c2351cc7d116c072cb317785dd33b33",
        "type": "github"
      },
      "original": {
        "owner": "edolstra",
        "repo": "flake-compat",
        "type": "github"
      }
    },
    "flake-utils": {
      "inputs": {
        "systems": "systems_2"
      },
      "locked": {
        "lastModified": 1710146030,
        "narHash": "sha256-SZ5L6eA7HJ/nmkzGG7/ISclqe6oZdOZTNoesiInkXPQ=",
        "owner": "numtide",
        "repo": "flake-utils",
        "rev": "b1d9ab70662946ef0850d488da1c9019f3a9752a",
        "type": "github"
      },
      "original": {
        "owner": "numtide",
        "repo": "flake-utils",
        "type": "github"
      }
    },
    "hardware": {
      "locked": {
        "lastModified": 1736441705,
        "narHash": "sha256-OL7leZ6KBhcDF3nEKe4aZVfIm6xQpb1Kb+mxySIP93o=",
        "owner": "NixOS",
        "repo": "nixos-hardware",
        "rev": "8870dcaff63dfc6647fb10648b827e9d40b0a337",
        "type": "github"
      },
      "original": {
        "owner": "NixOS",
        "repo": "nixos-hardware",
        "type": "github"
      }
    },
    "home-manager": {
      "inputs": {
        "nixpkgs": [
          "sensible-nix",
          "agenix",
          "nixpkgs"
        ]
      },
      "locked": {
        "lastModified": 1703113217,
        "narHash": "sha256-7ulcXOk63TIT2lVDSExj7XzFx09LpdSAPtvgtM7yQPE=",
        "owner": "nix-community",
        "repo": "home-manager",
        "rev": "3bfaacf46133c037bb356193bd2f1765d9dc82c1",
        "type": "github"
      },
      "original": {
        "owner": "nix-community",
        "repo": "home-manager",
        "type": "github"
      }
    },
    "home-manager_2": {
      "inputs": {
        "nixpkgs": [
          "sensible-nix",
          "nixpkgs"
        ]
      },
      "locked": {
<<<<<<< HEAD
        "lastModified": 1736373539,
        "narHash": "sha256-dinzAqCjenWDxuy+MqUQq0I4zUSfaCvN9rzuCmgMZJY=",
        "owner": "nix-community",
        "repo": "home-manager",
        "rev": "bd65bc3cde04c16755955630b344bc9e35272c56",
=======
        "lastModified": 1735344290,
        "narHash": "sha256-oJDtWPH1oJT34RJK1FSWjwX4qcGOBRkcNQPD0EbSfNM=",
        "owner": "nix-community",
        "repo": "home-manager",
        "rev": "613691f285dad87694c2ba1c9e6298d04736292d",
>>>>>>> 4b3fbac (wip: fixing the eduroam network and more)
        "type": "github"
      },
      "original": {
        "owner": "nix-community",
        "ref": "release-24.11",
        "repo": "home-manager",
        "type": "github"
      }
    },
    "nix-index-database": {
      "inputs": {
        "nixpkgs": [
          "sensible-nix",
          "nixpkgs-unstable"
        ]
      },
      "locked": {
        "lastModified": 1725765290,
        "narHash": "sha256-hwX53i24KyWzp2nWpQsn8lfGQNCP0JoW/bvQmcR1DPY=",
        "owner": "nix-community",
        "repo": "nix-index-database",
        "rev": "642275444c5a9defce57219c944b3179bf2adaa9",
        "type": "github"
      },
      "original": {
        "owner": "nix-community",
        "repo": "nix-index-database",
        "type": "github"
      }
    },
    "nixpkgs": {
      "locked": {
<<<<<<< HEAD
        "lastModified": 1736549401,
        "narHash": "sha256-ibkQrMHxF/7TqAYcQE+tOnIsSEzXmMegzyBWza6uHKM=",
        "owner": "nixos",
        "repo": "nixpkgs",
        "rev": "1dab772dd4a68a7bba5d9460685547ff8e17d899",
=======
        "lastModified": 1735669367,
        "narHash": "sha256-tfYRbFhMOnYaM4ippqqid3BaLOXoFNdImrfBfCp4zn0=",
        "owner": "nixos",
        "repo": "nixpkgs",
        "rev": "edf04b75c13c2ac0e54df5ec5c543e300f76f1c9",
>>>>>>> 4b3fbac (wip: fixing the eduroam network and more)
        "type": "github"
      },
      "original": {
        "owner": "nixos",
        "ref": "nixos-24.11",
        "repo": "nixpkgs",
        "type": "github"
      }
    },
    "nixpkgs-unstable": {
      "locked": {
        "lastModified": 1725983898,
        "narHash": "sha256-4b3A9zPpxAxLnkF9MawJNHDtOOl6ruL0r6Og1TEDGCE=",
        "owner": "nixos",
        "repo": "nixpkgs",
        "rev": "1355a0cbfeac61d785b7183c0caaec1f97361b43",
        "type": "github"
      },
      "original": {
        "owner": "nixos",
        "ref": "nixos-unstable",
        "repo": "nixpkgs",
        "type": "github"
      }
    },
    "nur": {
      "locked": {
        "lastModified": 1726162003,
        "narHash": "sha256-PC7MiWMv7VdUAHZlgj4GB55w0P6BFyN7QRrwTJmZIp0=",
        "owner": "nix-community",
        "repo": "nur",
        "rev": "9be9e1393ec09e94d41df2b1576ef255b80c6442",
        "type": "github"
      },
      "original": {
        "owner": "nix-community",
        "repo": "nur",
        "type": "github"
      }
    },
    "nvim-config": {
      "flake": false,
      "locked": {
<<<<<<< HEAD
        "lastModified": 1736696299,
        "narHash": "sha256-Zu4H9yy4eQV6LxyF6/KTorkSxduadKofB/u+Z/bfQ1k=",
        "owner": "Aabrupt",
        "repo": "nvim",
        "rev": "99d334a3f2eac8f732e465800d88b1f5900036ca",
=======
        "lastModified": 1735845239,
        "narHash": "sha256-h/k1LiQk3tB+Eqh0NQvbbUagj5Rkr1mW+w9LE4xcMGg=",
        "owner": "Aabrupt",
        "repo": "nvim",
        "rev": "fe843cd5b603ffacc0e514d975fe258cee3c7540",
>>>>>>> 4b3fbac (wip: fixing the eduroam network and more)
        "type": "github"
      },
      "original": {
        "owner": "Aabrupt",
        "repo": "nvim",
        "type": "github"
      }
    },
    "root": {
      "inputs": {
        "hardware": "hardware",
        "nvim-config": "nvim-config",
        "sensible-nix": "sensible-nix"
      }
    },
    "sensible-nix": {
      "inputs": {
        "agenix": "agenix",
        "disko": "disko",
        "home-manager": "home-manager_2",
        "nix-index-database": "nix-index-database",
        "nixpkgs": "nixpkgs",
        "nixpkgs-unstable": "nixpkgs-unstable",
        "nur": "nur",
        "systems": "systems",
        "wsl": "wsl"
      },
      "locked": {
<<<<<<< HEAD
        "lastModified": 1735853116,
        "narHash": "sha256-F8QQphcoP8NvT4YcxCnmz9xhobrpK6eQ11W91RD27B8=",
        "owner": "aabrupt",
        "repo": "sensible-nix",
        "rev": "6d7424bbe5dda70497aefd567e6d5df939420585",
=======
        "lastModified": 1735136024,
        "narHash": "sha256-EBt18PYfvwnOXCJIQDEit5MGFK5yRH1ehw6rlRYV1SI=",
        "owner": "aabrupt",
        "repo": "sensible-nix",
        "rev": "fd2e0dc7137fac87c24a52036e6c72dcb92c55d8",
>>>>>>> 4b3fbac (wip: fixing the eduroam network and more)
        "type": "github"
      },
      "original": {
        "owner": "aabrupt",
        "repo": "sensible-nix",
        "type": "github"
      }
    },
    "systems": {
      "flake": false,
      "locked": {
        "lastModified": 1681028828,
        "narHash": "sha256-Vy1rq5AaRuLzOxct8nz4T6wlgyUR7zLU309k9mBC768=",
        "owner": "nix-systems",
        "repo": "default",
        "rev": "da67096a3b9bf56a91d16901293e51ba5b49a27e",
        "type": "github"
      },
      "original": {
        "owner": "nix-systems",
        "repo": "default",
        "type": "github"
      }
    },
    "systems_2": {
      "locked": {
        "lastModified": 1681028828,
        "narHash": "sha256-Vy1rq5AaRuLzOxct8nz4T6wlgyUR7zLU309k9mBC768=",
        "owner": "nix-systems",
        "repo": "default",
        "rev": "da67096a3b9bf56a91d16901293e51ba5b49a27e",
        "type": "github"
      },
      "original": {
        "owner": "nix-systems",
        "repo": "default",
        "type": "github"
      }
    },
    "wsl": {
      "inputs": {
        "flake-compat": "flake-compat",
        "flake-utils": "flake-utils",
        "nixpkgs": [
          "sensible-nix",
          "nixpkgs"
        ]
      },
      "locked": {
        "lastModified": 1725882169,
        "narHash": "sha256-v5L+Dh6KdyycIgcdIc6SQ1fRNNvFJmYz02+fyeptA2o=",
        "owner": "nix-community",
        "repo": "nixos-wsl",
        "rev": "34b95b3962f5b3436d4bae5091d1b2ff7c1eb180",
        "type": "github"
      },
      "original": {
        "owner": "nix-community",
        "repo": "nixos-wsl",
        "type": "github"
      }
    }
  },
  "root": "root",
  "version": 7
}
